// !$*UTF8*$!
{
	archiveVersion = 1;
	classes = {
	};
	objectVersion = 50;
	objects = {

/* Begin PBXBuildFile section */
		F802ED882177B0C4002D70C9 /* SimpleTableTableViewController.swift in Sources */ = {isa = PBXBuildFile; fileRef = F802ED872177B0C4002D70C9 /* SimpleTableTableViewController.swift */; };
		F802ED8A21791D02002D70C9 /* SessionDataTaskWithURLRequest.swift in Sources */ = {isa = PBXBuildFile; fileRef = F802ED8921791D02002D70C9 /* SessionDataTaskWithURLRequest.swift */; };
		F802ED8E21796DBE002D70C9 /* ImagePickViewController.swift in Sources */ = {isa = PBXBuildFile; fileRef = F802ED8D21796DBE002D70C9 /* ImagePickViewController.swift */; };
		F817575F2128ABCC00FD151D /* AppDelegate.swift in Sources */ = {isa = PBXBuildFile; fileRef = F817575E2128ABCC00FD151D /* AppDelegate.swift */; };
		F81757642128ABCC00FD151D /* Main.storyboard in Resources */ = {isa = PBXBuildFile; fileRef = F81757622128ABCC00FD151D /* Main.storyboard */; };
		F81757662128ABCC00FD151D /* Assets.xcassets in Resources */ = {isa = PBXBuildFile; fileRef = F81757652128ABCC00FD151D /* Assets.xcassets */; };
		F81757692128ABCC00FD151D /* LaunchScreen.storyboard in Resources */ = {isa = PBXBuildFile; fileRef = F81757672128ABCC00FD151D /* LaunchScreen.storyboard */; };
		F81757742128ABCC00FD151D /* Refresher_SWIFTTests.swift in Sources */ = {isa = PBXBuildFile; fileRef = F81757732128ABCC00FD151D /* Refresher_SWIFTTests.swift */; };
		F817577F2128AC1200FD151D /* README.md in Resources */ = {isa = PBXBuildFile; fileRef = F817577E2128AC1200FD151D /* README.md */; };
		F81C52EA21417DD600C2A31E /* SessionDataTaskGETExample.swift in Sources */ = {isa = PBXBuildFile; fileRef = F81C52E921417DD600C2A31E /* SessionDataTaskGETExample.swift */; };
		F83CA17C215D47D800FB86ED /* CurrentLlocationViewController.swift in Sources */ = {isa = PBXBuildFile; fileRef = F83CA17B215D47D800FB86ED /* CurrentLlocationViewController.swift */; };
		F83CA17E215D59B800FB86ED /* GeoCodingViewController.swift in Sources */ = {isa = PBXBuildFile; fileRef = F83CA17D215D59B800FB86ED /* GeoCodingViewController.swift */; };
		F844EF7E216E50320067C937 /* big_buck_bunny.mp4 in Resources */ = {isa = PBXBuildFile; fileRef = F844EF7D216E50310067C937 /* big_buck_bunny.mp4 */; };
		F844EF83216E51500067C937 /* AVPlayerSampleTwoViewController.swift in Sources */ = {isa = PBXBuildFile; fileRef = F844EF82216E51500067C937 /* AVPlayerSampleTwoViewController.swift */; };
		F844EF85216E54BD0067C937 /* AVPlayerSampleOneViewController.swift in Sources */ = {isa = PBXBuildFile; fileRef = F844EF84216E54BD0067C937 /* AVPlayerSampleOneViewController.swift */; };
		F8A50B512128FC1400830D10 /* Controls.storyboard in Resources */ = {isa = PBXBuildFile; fileRef = F8A50B4F2128FC1400830D10 /* Controls.storyboard */; };
		F8A50B542128FC5000830D10 /* Concepts.storyboard in Resources */ = {isa = PBXBuildFile; fileRef = F8A50B522128FC5000830D10 /* Concepts.storyboard */; };
		F8A50B5F2129262F00830D10 /* SessionDataTaskCodablePostViewController.swift in Sources */ = {isa = PBXBuildFile; fileRef = F8A50B5E2129262F00830D10 /* SessionDataTaskCodablePostViewController.swift */; };
		F8A50B652129278F00830D10 /* SessionDataTaskJSONGetViewController.swift in Sources */ = {isa = PBXBuildFile; fileRef = F8A50B642129278F00830D10 /* SessionDataTaskJSONGetViewController.swift */; };
		F8A50B67212927D000830D10 /* SessionDataTaskCodableGetViewController.swift in Sources */ = {isa = PBXBuildFile; fileRef = F8A50B66212927D000830D10 /* SessionDataTaskCodableGetViewController.swift */; };
		F8B677AA2166A5EA006FE1F4 /* HorizontalScrollViewController.swift in Sources */ = {isa = PBXBuildFile; fileRef = F8B677A92166A5EA006FE1F4 /* HorizontalScrollViewController.swift */; };
/* End PBXBuildFile section */

/* Begin PBXContainerItemProxy section */
		F81757702128ABCC00FD151D /* PBXContainerItemProxy */ = {
			isa = PBXContainerItemProxy;
			containerPortal = F81757532128ABCC00FD151D /* Project object */;
			proxyType = 1;
			remoteGlobalIDString = F817575A2128ABCC00FD151D;
			remoteInfo = "Refresher-SWIFT";
		};
/* End PBXContainerItemProxy section */

/* Begin PBXFileReference section */
		F802ED872177B0C4002D70C9 /* SimpleTableTableViewController.swift */ = {isa = PBXFileReference; lastKnownFileType = sourcecode.swift; path = SimpleTableTableViewController.swift; sourceTree = "<group>"; };
		F802ED8921791D02002D70C9 /* SessionDataTaskWithURLRequest.swift */ = {isa = PBXFileReference; lastKnownFileType = sourcecode.swift; path = SessionDataTaskWithURLRequest.swift; sourceTree = "<group>"; };
		F802ED8D21796DBE002D70C9 /* ImagePickViewController.swift */ = {isa = PBXFileReference; lastKnownFileType = sourcecode.swift; path = ImagePickViewController.swift; sourceTree = "<group>"; };
		F817575B2128ABCC00FD151D /* Refresher-SWIFT.app */ = {isa = PBXFileReference; explicitFileType = wrapper.application; includeInIndex = 0; path = "Refresher-SWIFT.app"; sourceTree = BUILT_PRODUCTS_DIR; };
		F817575E2128ABCC00FD151D /* AppDelegate.swift */ = {isa = PBXFileReference; lastKnownFileType = sourcecode.swift; path = AppDelegate.swift; sourceTree = "<group>"; };
		F81757632128ABCC00FD151D /* Base */ = {isa = PBXFileReference; lastKnownFileType = file.storyboard; name = Base; path = Base.lproj/Main.storyboard; sourceTree = "<group>"; };
		F81757652128ABCC00FD151D /* Assets.xcassets */ = {isa = PBXFileReference; lastKnownFileType = folder.assetcatalog; path = Assets.xcassets; sourceTree = "<group>"; };
		F81757682128ABCC00FD151D /* Base */ = {isa = PBXFileReference; lastKnownFileType = file.storyboard; name = Base; path = Base.lproj/LaunchScreen.storyboard; sourceTree = "<group>"; };
		F817576A2128ABCC00FD151D /* Info.plist */ = {isa = PBXFileReference; lastKnownFileType = text.plist.xml; path = Info.plist; sourceTree = "<group>"; };
		F817576F2128ABCC00FD151D /* Refresher-SWIFTTests.xctest */ = {isa = PBXFileReference; explicitFileType = wrapper.cfbundle; includeInIndex = 0; path = "Refresher-SWIFTTests.xctest"; sourceTree = BUILT_PRODUCTS_DIR; };
		F81757732128ABCC00FD151D /* Refresher_SWIFTTests.swift */ = {isa = PBXFileReference; lastKnownFileType = sourcecode.swift; path = Refresher_SWIFTTests.swift; sourceTree = "<group>"; };
		F81757752128ABCC00FD151D /* Info.plist */ = {isa = PBXFileReference; lastKnownFileType = text.plist.xml; path = Info.plist; sourceTree = "<group>"; };
		F817577E2128AC1200FD151D /* README.md */ = {isa = PBXFileReference; fileEncoding = 4; lastKnownFileType = net.daringfireball.markdown; name = README.md; path = "Refresher-SWIFT/SupportingFiles/README.md"; sourceTree = SOURCE_ROOT; };
		F81C52E921417DD600C2A31E /* SessionDataTaskGETExample.swift */ = {isa = PBXFileReference; lastKnownFileType = sourcecode.swift; path = SessionDataTaskGETExample.swift; sourceTree = "<group>"; };
		F83CA17B215D47D800FB86ED /* CurrentLlocationViewController.swift */ = {isa = PBXFileReference; fileEncoding = 4; lastKnownFileType = sourcecode.swift; path = CurrentLlocationViewController.swift; sourceTree = "<group>"; };
		F83CA17D215D59B800FB86ED /* GeoCodingViewController.swift */ = {isa = PBXFileReference; lastKnownFileType = sourcecode.swift; path = GeoCodingViewController.swift; sourceTree = "<group>"; };
		F844EF7D216E50310067C937 /* big_buck_bunny.mp4 */ = {isa = PBXFileReference; lastKnownFileType = file; path = big_buck_bunny.mp4; sourceTree = "<group>"; };
		F844EF82216E51500067C937 /* AVPlayerSampleTwoViewController.swift */ = {isa = PBXFileReference; lastKnownFileType = sourcecode.swift; path = AVPlayerSampleTwoViewController.swift; sourceTree = "<group>"; };
		F844EF84216E54BD0067C937 /* AVPlayerSampleOneViewController.swift */ = {isa = PBXFileReference; fileEncoding = 4; lastKnownFileType = sourcecode.swift; path = AVPlayerSampleOneViewController.swift; sourceTree = "<group>"; };
		F8A50B502128FC1400830D10 /* Base */ = {isa = PBXFileReference; lastKnownFileType = file.storyboard; name = Base; path = "Refresher-SWIFT/View/Base.lproj/Controls.storyboard"; sourceTree = "<group>"; };
		F8A50B532128FC5000830D10 /* Base */ = {isa = PBXFileReference; lastKnownFileType = file.storyboard; name = Base; path = "Refresher-SWIFT/View/Base.lproj/Concepts.storyboard"; sourceTree = "<group>"; };
		F8A50B5E2129262F00830D10 /* SessionDataTaskCodablePostViewController.swift */ = {isa = PBXFileReference; lastKnownFileType = sourcecode.swift; path = SessionDataTaskCodablePostViewController.swift; sourceTree = "<group>"; };
		F8A50B642129278F00830D10 /* SessionDataTaskJSONGetViewController.swift */ = {isa = PBXFileReference; fileEncoding = 4; lastKnownFileType = sourcecode.swift; path = SessionDataTaskJSONGetViewController.swift; sourceTree = "<group>"; };
		F8A50B66212927D000830D10 /* SessionDataTaskCodableGetViewController.swift */ = {isa = PBXFileReference; fileEncoding = 4; lastKnownFileType = sourcecode.swift; path = SessionDataTaskCodableGetViewController.swift; sourceTree = "<group>"; };
		F8B677A92166A5EA006FE1F4 /* HorizontalScrollViewController.swift */ = {isa = PBXFileReference; lastKnownFileType = sourcecode.swift; path = HorizontalScrollViewController.swift; sourceTree = "<group>"; };
/* End PBXFileReference section */

/* Begin PBXFrameworksBuildPhase section */
		F81757582128ABCC00FD151D /* Frameworks */ = {
			isa = PBXFrameworksBuildPhase;
			buildActionMask = 2147483647;
			files = (
			);
			runOnlyForDeploymentPostprocessing = 0;
		};
		F817576C2128ABCC00FD151D /* Frameworks */ = {
			isa = PBXFrameworksBuildPhase;
			buildActionMask = 2147483647;
			files = (
			);
			runOnlyForDeploymentPostprocessing = 0;
		};
/* End PBXFrameworksBuildPhase section */

/* Begin PBXGroup section */
		F802ED862177B097002D70C9 /* TableView */ = {
			isa = PBXGroup;
			children = (
				F802ED872177B0C4002D70C9 /* SimpleTableTableViewController.swift */,
			);
			path = TableView;
			sourceTree = "<group>";
		};
		F802ED8B21796D8C002D70C9 /* ScrollView */ = {
			isa = PBXGroup;
			children = (
				F8B677A92166A5EA006FE1F4 /* HorizontalScrollViewController.swift */,
			);
			path = ScrollView;
			sourceTree = "<group>";
		};
		F802ED8C21796DA5002D70C9 /* Camera */ = {
			isa = PBXGroup;
			children = (
				F802ED8D21796DBE002D70C9 /* ImagePickViewController.swift */,
			);
			path = Camera;
			sourceTree = "<group>";
		};
		F81757522128ABCC00FD151D = {
			isa = PBXGroup;
			children = (
				F817575D2128ABCC00FD151D /* Refresher-SWIFT */,
				F81757722128ABCC00FD151D /* Refresher-SWIFTTests */,
				F817575C2128ABCC00FD151D /* Products */,
			);
			sourceTree = "<group>";
		};
		F817575C2128ABCC00FD151D /* Products */ = {
			isa = PBXGroup;
			children = (
				F817575B2128ABCC00FD151D /* Refresher-SWIFT.app */,
				F817576F2128ABCC00FD151D /* Refresher-SWIFTTests.xctest */,
			);
			name = Products;
			sourceTree = "<group>";
		};
		F817575D2128ABCC00FD151D /* Refresher-SWIFT */ = {
			isa = PBXGroup;
			children = (
				F817575E2128ABCC00FD151D /* AppDelegate.swift */,
				F81757802128E19100FD151D /* View */,
				F81757812128E19C00FD151D /* Model */,
				F81757822128E1A100FD151D /* Controller */,
				F81757832128E1A900FD151D /* Utilities */,
				F81757842128E1B300FD151D /* Resources */,
				F81757852128E1C000FD151D /* Configuration */,
				F81757862128E1CA00FD151D /* SupportingFiles */,
			);
			path = "Refresher-SWIFT";
			sourceTree = "<group>";
		};
		F81757722128ABCC00FD151D /* Refresher-SWIFTTests */ = {
			isa = PBXGroup;
			children = (
				F81757732128ABCC00FD151D /* Refresher_SWIFTTests.swift */,
				F81757752128ABCC00FD151D /* Info.plist */,
			);
			path = "Refresher-SWIFTTests";
			sourceTree = "<group>";
		};
		F81757802128E19100FD151D /* View */ = {
			isa = PBXGroup;
			children = (
				F81757672128ABCC00FD151D /* LaunchScreen.storyboard */,
				F81757622128ABCC00FD151D /* Main.storyboard */,
				F8A50B4F2128FC1400830D10 /* Controls.storyboard */,
				F8A50B522128FC5000830D10 /* Concepts.storyboard */,
			);
			path = View;
			sourceTree = "<group>";
		};
		F81757812128E19C00FD151D /* Model */ = {
			isa = PBXGroup;
			children = (
			);
			path = Model;
			sourceTree = "<group>";
		};
		F81757822128E1A100FD151D /* Controller */ = {
			isa = PBXGroup;
			children = (
				F8A50B552129075F00830D10 /* Controls */,
				F8A50B562129076A00830D10 /* Concepts */,
			);
			path = Controller;
			sourceTree = "<group>";
		};
		F81757832128E1A900FD151D /* Utilities */ = {
			isa = PBXGroup;
			children = (
			);
			path = Utilities;
			sourceTree = "<group>";
		};
		F81757842128E1B300FD151D /* Resources */ = {
			isa = PBXGroup;
			children = (
				F844EF7D216E50310067C937 /* big_buck_bunny.mp4 */,
				F81757652128ABCC00FD151D /* Assets.xcassets */,
			);
			path = Resources;
			sourceTree = "<group>";
		};
		F81757852128E1C000FD151D /* Configuration */ = {
			isa = PBXGroup;
			children = (
				F817576A2128ABCC00FD151D /* Info.plist */,
			);
			path = Configuration;
			sourceTree = "<group>";
		};
		F81757862128E1CA00FD151D /* SupportingFiles */ = {
			isa = PBXGroup;
			children = (
				F817577E2128AC1200FD151D /* README.md */,
			);
			path = SupportingFiles;
			sourceTree = "<group>";
		};
		F83CA178215D454800FB86ED /* Core Location */ = {
			isa = PBXGroup;
			children = (
				F83CA17B215D47D800FB86ED /* CurrentLlocationViewController.swift */,
				F83CA17D215D59B800FB86ED /* GeoCodingViewController.swift */,
			);
			path = "Core Location";
			sourceTree = "<group>";
		};
		F844EF7F216E50490067C937 /* MediaPlay */ = {
			isa = PBXGroup;
			children = (
				F844EF84216E54BD0067C937 /* AVPlayerSampleOneViewController.swift */,
				F844EF82216E51500067C937 /* AVPlayerSampleTwoViewController.swift */,
			);
			path = MediaPlay;
			sourceTree = "<group>";
		};
		F8A50B552129075F00830D10 /* Controls */ = {
			isa = PBXGroup;
			children = (
				F802ED8C21796DA5002D70C9 /* Camera */,
				F802ED862177B097002D70C9 /* TableView */,
				F802ED8B21796D8C002D70C9 /* ScrollView */,
				F844EF7F216E50490067C937 /* MediaPlay */,
			);
			path = Controls;
			sourceTree = "<group>";
		};
		F8A50B562129076A00830D10 /* Concepts */ = {
			isa = PBXGroup;
			children = (
				F8A50B572129077C00830D10 /* Networking */,
				F83CA178215D454800FB86ED /* Core Location */,
			);
			path = Concepts;
			sourceTree = "<group>";
		};
		F8A50B572129077C00830D10 /* Networking */ = {
			isa = PBXGroup;
			children = (
				F8A50B642129278F00830D10 /* SessionDataTaskJSONGetViewController.swift */,
				F8A50B66212927D000830D10 /* SessionDataTaskCodableGetViewController.swift */,
				F8A50B5E2129262F00830D10 /* SessionDataTaskCodablePostViewController.swift */,
				F81C52E921417DD600C2A31E /* SessionDataTaskGETExample.swift */,
				F802ED8921791D02002D70C9 /* SessionDataTaskWithURLRequest.swift */,
			);
			path = Networking;
			sourceTree = "<group>";
		};
/* End PBXGroup section */

/* Begin PBXNativeTarget section */
		F817575A2128ABCC00FD151D /* Refresher-SWIFT */ = {
			isa = PBXNativeTarget;
			buildConfigurationList = F81757782128ABCC00FD151D /* Build configuration list for PBXNativeTarget "Refresher-SWIFT" */;
			buildPhases = (
				F81757572128ABCC00FD151D /* Sources */,
				F81757582128ABCC00FD151D /* Frameworks */,
				F81757592128ABCC00FD151D /* Resources */,
			);
			buildRules = (
			);
			dependencies = (
			);
			name = "Refresher-SWIFT";
			productName = "Refresher-SWIFT";
			productReference = F817575B2128ABCC00FD151D /* Refresher-SWIFT.app */;
			productType = "com.apple.product-type.application";
		};
		F817576E2128ABCC00FD151D /* Refresher-SWIFTTests */ = {
			isa = PBXNativeTarget;
			buildConfigurationList = F817577B2128ABCC00FD151D /* Build configuration list for PBXNativeTarget "Refresher-SWIFTTests" */;
			buildPhases = (
				F817576B2128ABCC00FD151D /* Sources */,
				F817576C2128ABCC00FD151D /* Frameworks */,
				F817576D2128ABCC00FD151D /* Resources */,
			);
			buildRules = (
			);
			dependencies = (
				F81757712128ABCC00FD151D /* PBXTargetDependency */,
			);
			name = "Refresher-SWIFTTests";
			productName = "Refresher-SWIFTTests";
			productReference = F817576F2128ABCC00FD151D /* Refresher-SWIFTTests.xctest */;
			productType = "com.apple.product-type.bundle.unit-test";
		};
/* End PBXNativeTarget section */

/* Begin PBXProject section */
		F81757532128ABCC00FD151D /* Project object */ = {
			isa = PBXProject;
			attributes = {
				LastSwiftUpdateCheck = 0940;
				LastUpgradeCheck = 0940;
				ORGANIZATIONNAME = "Ammini Inc.";
				TargetAttributes = {
					F817575A2128ABCC00FD151D = {
						CreatedOnToolsVersion = 9.4.1;
						LastSwiftMigration = 1000;
					};
					F817576E2128ABCC00FD151D = {
						CreatedOnToolsVersion = 9.4.1;
						LastSwiftMigration = 1000;
						TestTargetID = F817575A2128ABCC00FD151D;
					};
				};
			};
			buildConfigurationList = F81757562128ABCC00FD151D /* Build configuration list for PBXProject "Refresher-SWIFT" */;
			compatibilityVersion = "Xcode 9.3";
			developmentRegion = en;
			hasScannedForEncodings = 0;
			knownRegions = (
				en,
				Base,
			);
			mainGroup = F81757522128ABCC00FD151D;
			productRefGroup = F817575C2128ABCC00FD151D /* Products */;
			projectDirPath = "";
			projectRoot = "";
			targets = (
				F817575A2128ABCC00FD151D /* Refresher-SWIFT */,
				F817576E2128ABCC00FD151D /* Refresher-SWIFTTests */,
			);
		};
/* End PBXProject section */

/* Begin PBXResourcesBuildPhase section */
		F81757592128ABCC00FD151D /* Resources */ = {
			isa = PBXResourcesBuildPhase;
			buildActionMask = 2147483647;
			files = (
				F844EF7E216E50320067C937 /* big_buck_bunny.mp4 in Resources */,
				F81757692128ABCC00FD151D /* LaunchScreen.storyboard in Resources */,
				F81757662128ABCC00FD151D /* Assets.xcassets in Resources */,
				F8A50B512128FC1400830D10 /* Controls.storyboard in Resources */,
				F8A50B542128FC5000830D10 /* Concepts.storyboard in Resources */,
				F817577F2128AC1200FD151D /* README.md in Resources */,
				F81757642128ABCC00FD151D /* Main.storyboard in Resources */,
			);
			runOnlyForDeploymentPostprocessing = 0;
		};
		F817576D2128ABCC00FD151D /* Resources */ = {
			isa = PBXResourcesBuildPhase;
			buildActionMask = 2147483647;
			files = (
			);
			runOnlyForDeploymentPostprocessing = 0;
		};
/* End PBXResourcesBuildPhase section */

/* Begin PBXSourcesBuildPhase section */
		F81757572128ABCC00FD151D /* Sources */ = {
			isa = PBXSourcesBuildPhase;
			buildActionMask = 2147483647;
			files = (
				F844EF83216E51500067C937 /* AVPlayerSampleTwoViewController.swift in Sources */,
				F83CA17C215D47D800FB86ED /* CurrentLlocationViewController.swift in Sources */,
				F8A50B5F2129262F00830D10 /* SessionDataTaskCodablePostViewController.swift in Sources */,
				F817575F2128ABCC00FD151D /* AppDelegate.swift in Sources */,
				F802ED882177B0C4002D70C9 /* SimpleTableTableViewController.swift in Sources */,
				F81C52EA21417DD600C2A31E /* SessionDataTaskGETExample.swift in Sources */,
				F802ED8E21796DBE002D70C9 /* ImagePickViewController.swift in Sources */,
				F8A50B67212927D000830D10 /* SessionDataTaskCodableGetViewController.swift in Sources */,
				F844EF85216E54BD0067C937 /* AVPlayerSampleOneViewController.swift in Sources */,
				F83CA17E215D59B800FB86ED /* GeoCodingViewController.swift in Sources */,
				F8A50B652129278F00830D10 /* SessionDataTaskJSONGetViewController.swift in Sources */,
				F8B677AA2166A5EA006FE1F4 /* HorizontalScrollViewController.swift in Sources */,
				F802ED8A21791D02002D70C9 /* SessionDataTaskWithURLRequest.swift in Sources */,
			);
			runOnlyForDeploymentPostprocessing = 0;
		};
		F817576B2128ABCC00FD151D /* Sources */ = {
			isa = PBXSourcesBuildPhase;
			buildActionMask = 2147483647;
			files = (
				F81757742128ABCC00FD151D /* Refresher_SWIFTTests.swift in Sources */,
			);
			runOnlyForDeploymentPostprocessing = 0;
		};
/* End PBXSourcesBuildPhase section */

/* Begin PBXTargetDependency section */
		F81757712128ABCC00FD151D /* PBXTargetDependency */ = {
			isa = PBXTargetDependency;
			target = F817575A2128ABCC00FD151D /* Refresher-SWIFT */;
			targetProxy = F81757702128ABCC00FD151D /* PBXContainerItemProxy */;
		};
/* End PBXTargetDependency section */

/* Begin PBXVariantGroup section */
		F81757622128ABCC00FD151D /* Main.storyboard */ = {
			isa = PBXVariantGroup;
			children = (
				F81757632128ABCC00FD151D /* Base */,
			);
			name = Main.storyboard;
			sourceTree = "<group>";
		};
		F81757672128ABCC00FD151D /* LaunchScreen.storyboard */ = {
			isa = PBXVariantGroup;
			children = (
				F81757682128ABCC00FD151D /* Base */,
			);
			name = LaunchScreen.storyboard;
			sourceTree = "<group>";
		};
		F8A50B4F2128FC1400830D10 /* Controls.storyboard */ = {
			isa = PBXVariantGroup;
			children = (
				F8A50B502128FC1400830D10 /* Base */,
			);
			name = Controls.storyboard;
			sourceTree = "<group>";
		};
		F8A50B522128FC5000830D10 /* Concepts.storyboard */ = {
			isa = PBXVariantGroup;
			children = (
				F8A50B532128FC5000830D10 /* Base */,
			);
			name = Concepts.storyboard;
			sourceTree = "<group>";
		};
/* End PBXVariantGroup section */

/* Begin XCBuildConfiguration section */
		F81757762128ABCC00FD151D /* Debug */ = {
			isa = XCBuildConfiguration;
			buildSettings = {
				ALWAYS_SEARCH_USER_PATHS = NO;
				CLANG_ANALYZER_NONNULL = YES;
				CLANG_ANALYZER_NUMBER_OBJECT_CONVERSION = YES_AGGRESSIVE;
				CLANG_CXX_LANGUAGE_STANDARD = "gnu++14";
				CLANG_CXX_LIBRARY = "libc++";
				CLANG_ENABLE_MODULES = YES;
				CLANG_ENABLE_OBJC_ARC = YES;
				CLANG_ENABLE_OBJC_WEAK = YES;
				CLANG_WARN_BLOCK_CAPTURE_AUTORELEASING = YES;
				CLANG_WARN_BOOL_CONVERSION = YES;
				CLANG_WARN_COMMA = YES;
				CLANG_WARN_CONSTANT_CONVERSION = YES;
				CLANG_WARN_DEPRECATED_OBJC_IMPLEMENTATIONS = YES;
				CLANG_WARN_DIRECT_OBJC_ISA_USAGE = YES_ERROR;
				CLANG_WARN_DOCUMENTATION_COMMENTS = YES;
				CLANG_WARN_EMPTY_BODY = YES;
				CLANG_WARN_ENUM_CONVERSION = YES;
				CLANG_WARN_INFINITE_RECURSION = YES;
				CLANG_WARN_INT_CONVERSION = YES;
				CLANG_WARN_NON_LITERAL_NULL_CONVERSION = YES;
				CLANG_WARN_OBJC_IMPLICIT_RETAIN_SELF = YES;
				CLANG_WARN_OBJC_LITERAL_CONVERSION = YES;
				CLANG_WARN_OBJC_ROOT_CLASS = YES_ERROR;
				CLANG_WARN_RANGE_LOOP_ANALYSIS = YES;
				CLANG_WARN_STRICT_PROTOTYPES = YES;
				CLANG_WARN_SUSPICIOUS_MOVE = YES;
				CLANG_WARN_UNGUARDED_AVAILABILITY = YES_AGGRESSIVE;
				CLANG_WARN_UNREACHABLE_CODE = YES;
				CLANG_WARN__DUPLICATE_METHOD_MATCH = YES;
				CODE_SIGN_IDENTITY = "iPhone Developer";
				COPY_PHASE_STRIP = NO;
				DEBUG_INFORMATION_FORMAT = dwarf;
				ENABLE_STRICT_OBJC_MSGSEND = YES;
				ENABLE_TESTABILITY = YES;
				GCC_C_LANGUAGE_STANDARD = gnu11;
				GCC_DYNAMIC_NO_PIC = NO;
				GCC_NO_COMMON_BLOCKS = YES;
				GCC_OPTIMIZATION_LEVEL = 0;
				GCC_PREPROCESSOR_DEFINITIONS = (
					"DEBUG=1",
					"$(inherited)",
				);
				GCC_WARN_64_TO_32_BIT_CONVERSION = YES;
				GCC_WARN_ABOUT_RETURN_TYPE = YES_ERROR;
				GCC_WARN_UNDECLARED_SELECTOR = YES;
				GCC_WARN_UNINITIALIZED_AUTOS = YES_AGGRESSIVE;
				GCC_WARN_UNUSED_FUNCTION = YES;
				GCC_WARN_UNUSED_VARIABLE = YES;
				IPHONEOS_DEPLOYMENT_TARGET = 11.4;
				MTL_ENABLE_DEBUG_INFO = YES;
				ONLY_ACTIVE_ARCH = YES;
				SDKROOT = iphoneos;
				SWIFT_ACTIVE_COMPILATION_CONDITIONS = DEBUG;
				SWIFT_OPTIMIZATION_LEVEL = "-Onone";
			};
			name = Debug;
		};
		F81757772128ABCC00FD151D /* Release */ = {
			isa = XCBuildConfiguration;
			buildSettings = {
				ALWAYS_SEARCH_USER_PATHS = NO;
				CLANG_ANALYZER_NONNULL = YES;
				CLANG_ANALYZER_NUMBER_OBJECT_CONVERSION = YES_AGGRESSIVE;
				CLANG_CXX_LANGUAGE_STANDARD = "gnu++14";
				CLANG_CXX_LIBRARY = "libc++";
				CLANG_ENABLE_MODULES = YES;
				CLANG_ENABLE_OBJC_ARC = YES;
				CLANG_ENABLE_OBJC_WEAK = YES;
				CLANG_WARN_BLOCK_CAPTURE_AUTORELEASING = YES;
				CLANG_WARN_BOOL_CONVERSION = YES;
				CLANG_WARN_COMMA = YES;
				CLANG_WARN_CONSTANT_CONVERSION = YES;
				CLANG_WARN_DEPRECATED_OBJC_IMPLEMENTATIONS = YES;
				CLANG_WARN_DIRECT_OBJC_ISA_USAGE = YES_ERROR;
				CLANG_WARN_DOCUMENTATION_COMMENTS = YES;
				CLANG_WARN_EMPTY_BODY = YES;
				CLANG_WARN_ENUM_CONVERSION = YES;
				CLANG_WARN_INFINITE_RECURSION = YES;
				CLANG_WARN_INT_CONVERSION = YES;
				CLANG_WARN_NON_LITERAL_NULL_CONVERSION = YES;
				CLANG_WARN_OBJC_IMPLICIT_RETAIN_SELF = YES;
				CLANG_WARN_OBJC_LITERAL_CONVERSION = YES;
				CLANG_WARN_OBJC_ROOT_CLASS = YES_ERROR;
				CLANG_WARN_RANGE_LOOP_ANALYSIS = YES;
				CLANG_WARN_STRICT_PROTOTYPES = YES;
				CLANG_WARN_SUSPICIOUS_MOVE = YES;
				CLANG_WARN_UNGUARDED_AVAILABILITY = YES_AGGRESSIVE;
				CLANG_WARN_UNREACHABLE_CODE = YES;
				CLANG_WARN__DUPLICATE_METHOD_MATCH = YES;
				CODE_SIGN_IDENTITY = "iPhone Developer";
				COPY_PHASE_STRIP = NO;
				DEBUG_INFORMATION_FORMAT = "dwarf-with-dsym";
				ENABLE_NS_ASSERTIONS = NO;
				ENABLE_STRICT_OBJC_MSGSEND = YES;
				GCC_C_LANGUAGE_STANDARD = gnu11;
				GCC_NO_COMMON_BLOCKS = YES;
				GCC_WARN_64_TO_32_BIT_CONVERSION = YES;
				GCC_WARN_ABOUT_RETURN_TYPE = YES_ERROR;
				GCC_WARN_UNDECLARED_SELECTOR = YES;
				GCC_WARN_UNINITIALIZED_AUTOS = YES_AGGRESSIVE;
				GCC_WARN_UNUSED_FUNCTION = YES;
				GCC_WARN_UNUSED_VARIABLE = YES;
				IPHONEOS_DEPLOYMENT_TARGET = 11.4;
				MTL_ENABLE_DEBUG_INFO = NO;
				SDKROOT = iphoneos;
				SWIFT_COMPILATION_MODE = wholemodule;
				SWIFT_OPTIMIZATION_LEVEL = "-O";
				VALIDATE_PRODUCT = YES;
			};
			name = Release;
		};
		F81757792128ABCC00FD151D /* Debug */ = {
			isa = XCBuildConfiguration;
			buildSettings = {
				ASSETCATALOG_COMPILER_APPICON_NAME = AppIcon;
				CODE_SIGN_STYLE = Automatic;
				DEVELOPMENT_TEAM = GGXL2EGPGC;
				INFOPLIST_FILE = "Refresher-SWIFT/Configuration/Info.plist";
				LD_RUNPATH_SEARCH_PATHS = (
					"$(inherited)",
					"@executable_path/Frameworks",
				);
				PRODUCT_BUNDLE_IDENTIFIER = "AmminiInc.Refresher-SWIFT";
				PRODUCT_NAME = "$(TARGET_NAME)";
				SWIFT_VERSION = 4.2;
				TARGETED_DEVICE_FAMILY = "1,2";
			};
			name = Debug;
		};
		F817577A2128ABCC00FD151D /* Release */ = {
			isa = XCBuildConfiguration;
			buildSettings = {
				ASSETCATALOG_COMPILER_APPICON_NAME = AppIcon;
				CODE_SIGN_STYLE = Automatic;
				DEVELOPMENT_TEAM = GGXL2EGPGC;
				INFOPLIST_FILE = "Refresher-SWIFT/Configuration/Info.plist";
				LD_RUNPATH_SEARCH_PATHS = (
					"$(inherited)",
					"@executable_path/Frameworks",
				);
				PRODUCT_BUNDLE_IDENTIFIER = "AmminiInc.Refresher-SWIFT";
				PRODUCT_NAME = "$(TARGET_NAME)";
				SWIFT_VERSION = 4.2;
				TARGETED_DEVICE_FAMILY = "1,2";
			};
			name = Release;
		};
		F817577C2128ABCC00FD151D /* Debug */ = {
			isa = XCBuildConfiguration;
			buildSettings = {
				ALWAYS_EMBED_SWIFT_STANDARD_LIBRARIES = YES;
				BUNDLE_LOADER = "$(TEST_HOST)";
				CODE_SIGN_STYLE = Automatic;
				DEVELOPMENT_TEAM = GGXL2EGPGC;
				INFOPLIST_FILE = "Refresher-SWIFTTests/Info.plist";
				LD_RUNPATH_SEARCH_PATHS = (
					"$(inherited)",
					"@executable_path/Frameworks",
					"@loader_path/Frameworks",
				);
				PRODUCT_BUNDLE_IDENTIFIER = "AmminiInc.Refresher-SWIFTTests";
				PRODUCT_NAME = "$(TARGET_NAME)";
				SWIFT_VERSION = 4.2;
				TARGETED_DEVICE_FAMILY = "1,2";
				TEST_HOST = "$(BUILT_PRODUCTS_DIR)/Refresher-SWIFT.app/Refresher-SWIFT";
			};
			name = Debug;
		};
		F817577D2128ABCC00FD151D /* Release */ = {
			isa = XCBuildConfiguration;
			buildSettings = {
				ALWAYS_EMBED_SWIFT_STANDARD_LIBRARIES = YES;
				BUNDLE_LOADER = "$(TEST_HOST)";
				CODE_SIGN_STYLE = Automatic;
				DEVELOPMENT_TEAM = GGXL2EGPGC;
				INFOPLIST_FILE = "Refresher-SWIFTTests/Info.plist";
				LD_RUNPATH_SEARCH_PATHS = (
					"$(inherited)",
					"@executable_path/Frameworks",
					"@loader_path/Frameworks",
				);
				PRODUCT_BUNDLE_IDENTIFIER = "AmminiInc.Refresher-SWIFTTests";
				PRODUCT_NAME = "$(TARGET_NAME)";
				SWIFT_VERSION = 4.2;
				TARGETED_DEVICE_FAMILY = "1,2";
				TEST_HOST = "$(BUILT_PRODUCTS_DIR)/Refresher-SWIFT.app/Refresher-SWIFT";
			};
			name = Release;
		};
/* End XCBuildConfiguration section */

/* Begin XCConfigurationList section */
		F81757562128ABCC00FD151D /* Build configuration list for PBXProject "Refresher-SWIFT" */ = {
			isa = XCConfigurationList;
			buildConfigurations = (
				F81757762128ABCC00FD151D /* Debug */,
				F81757772128ABCC00FD151D /* Release */,
			);
			defaultConfigurationIsVisible = 0;
			defaultConfigurationName = Release;
		};
		F81757782128ABCC00FD151D /* Build configuration list for PBXNativeTarget "Refresher-SWIFT" */ = {
			isa = XCConfigurationList;
			buildConfigurations = (
				F81757792128ABCC00FD151D /* Debug */,
				F817577A2128ABCC00FD151D /* Release */,
			);
			defaultConfigurationIsVisible = 0;
			defaultConfigurationName = Release;
		};
		F817577B2128ABCC00FD151D /* Build configuration list for PBXNativeTarget "Refresher-SWIFTTests" */ = {
			isa = XCConfigurationList;
			buildConfigurations = (
				F817577C2128ABCC00FD151D /* Debug */,
				F817577D2128ABCC00FD151D /* Release */,
			);
			defaultConfigurationIsVisible = 0;
			defaultConfigurationName = Release;
		};
/* End XCConfigurationList section */
	};
	rootObject = F81757532128ABCC00FD151D /* Project object */;
}
